
Microsoft Visual Studio Solution File, Format Version 12.00
Project("{FAE04EC0-301F-11D3-BF4B-00C04F79EFBC}") = "Selenium1", "Selenium1\Selenium1.csproj", "{2ABA45AF-DD66-49E1-9098-36F9FEC6B694}"
EndProject
Global
	GlobalSection(SolutionConfigurationPlatforms) = preSolution
		Debug|Any CPU = Debug|Any CPU
		Release|Any CPU = Release|Any CPU
	EndGlobalSection
	GlobalSection(ProjectConfigurationPlatforms) = postSolution
		{2ABA45AF-DD66-49E1-9098-36F9FEC6B694}.Debug|Any CPU.ActiveCfg = Debug|Any CPU
		{2ABA45AF-DD66-49E1-9098-36F9FEC6B694}.Debug|Any CPU.Build.0 = Debug|Any CPU
		{2ABA45AF-DD66-49E1-9098-36F9FEC6B694}.Release|Any CPU.ActiveCfg = Release|Any CPU
		{2ABA45AF-DD66-49E1-9098-36F9FEC6B694}.Release|Any CPU.Build.0 = Release|Any CPU
	EndGlobalSection
EndGlobal
